
Microsoft Visual Studio Solution File, Format Version 12.00
# Visual Studio Version 17
VisualStudioVersion = 17.0.32126.317
MinimumVisualStudioVersion = 10.0.40219.1
Project("{FAE04EC0-301F-11D3-BF4B-00C04F79EFBC}") = "Project.API", "src\Project.API\Project.API.csproj", "{A0C59EFC-3398-461D-AE55-324FA2E4E1F8}"
EndProject
Project("{FAE04EC0-301F-11D3-BF4B-00C04F79EFBC}") = "Project.Data", "src\Project.Data\Project.Data.csproj", "{320EC634-D53D-4666-9A39-74A8EAC604A1}"
EndProject
Project("{FAE04EC0-301F-11D3-BF4B-00C04F79EFBC}") = "Project.Business", "src\Project.Business\Project.Business.csproj", "{BFEEFABF-70B5-4F32-B062-C37958E88B72}"
EndProject
Global
	GlobalSection(SolutionConfigurationPlatforms) = preSolution
		Debug|Any CPU = Debug|Any CPU
		Release|Any CPU = Release|Any CPU
	EndGlobalSection
	GlobalSection(ProjectConfigurationPlatforms) = postSolution
		{A0C59EFC-3398-461D-AE55-324FA2E4E1F8}.Debug|Any CPU.ActiveCfg = Debug|Any CPU
		{A0C59EFC-3398-461D-AE55-324FA2E4E1F8}.Debug|Any CPU.Build.0 = Debug|Any CPU
		{A0C59EFC-3398-461D-AE55-324FA2E4E1F8}.Release|Any CPU.ActiveCfg = Release|Any CPU
		{A0C59EFC-3398-461D-AE55-324FA2E4E1F8}.Release|Any CPU.Build.0 = Release|Any CPU
		{320EC634-D53D-4666-9A39-74A8EAC604A1}.Debug|Any CPU.ActiveCfg = Debug|Any CPU
		{320EC634-D53D-4666-9A39-74A8EAC604A1}.Debug|Any CPU.Build.0 = Debug|Any CPU
		{320EC634-D53D-4666-9A39-74A8EAC604A1}.Release|Any CPU.ActiveCfg = Release|Any CPU
		{320EC634-D53D-4666-9A39-74A8EAC604A1}.Release|Any CPU.Build.0 = Release|Any CPU
		{BFEEFABF-70B5-4F32-B062-C37958E88B72}.Debug|Any CPU.ActiveCfg = Debug|Any CPU
		{BFEEFABF-70B5-4F32-B062-C37958E88B72}.Debug|Any CPU.Build.0 = Debug|Any CPU
		{BFEEFABF-70B5-4F32-B062-C37958E88B72}.Release|Any CPU.ActiveCfg = Release|Any CPU
		{BFEEFABF-70B5-4F32-B062-C37958E88B72}.Release|Any CPU.Build.0 = Release|Any CPU
	EndGlobalSection
	GlobalSection(SolutionProperties) = preSolution
		HideSolutionNode = FALSE
	EndGlobalSection
	GlobalSection(ExtensibilityGlobals) = postSolution
		SolutionGuid = {8A5959DC-E036-4BB6-9242-439DE7B10CEC}
	EndGlobalSection
EndGlobal
